
Microsoft Visual Studio Solution File, Format Version 12.00
# Visual Studio Version 17
VisualStudioVersion = 17.6.33815.320
MinimumVisualStudioVersion = 10.0.40219.1
Project("{FAE04EC0-301F-11D3-BF4B-00C04F79EFBC}") = "Demo_Akifev_420_P", "Demo_Akifev_420_P\Demo_Akifev_420_P.csproj", "{55F1A47A-EED8-4B06-AE09-08F97A327172}"
EndProject
Global
	GlobalSection(SolutionConfigurationPlatforms) = preSolution
		Debug|Any CPU = Debug|Any CPU
		Release|Any CPU = Release|Any CPU
	EndGlobalSection
	GlobalSection(ProjectConfigurationPlatforms) = postSolution
		{55F1A47A-EED8-4B06-AE09-08F97A327172}.Debug|Any CPU.ActiveCfg = Debug|Any CPU
		{55F1A47A-EED8-4B06-AE09-08F97A327172}.Debug|Any CPU.Build.0 = Debug|Any CPU
		{55F1A47A-EED8-4B06-AE09-08F97A327172}.Release|Any CPU.ActiveCfg = Release|Any CPU
		{55F1A47A-EED8-4B06-AE09-08F97A327172}.Release|Any CPU.Build.0 = Release|Any CPU
	EndGlobalSection
	GlobalSection(SolutionProperties) = preSolution
		HideSolutionNode = FALSE
	EndGlobalSection
	GlobalSection(ExtensibilityGlobals) = postSolution
		SolutionGuid = {D6114DD2-3370-435C-9F6B-D93AEC4DDF4C}
	EndGlobalSection
EndGlobal
