
Microsoft Visual Studio Solution File, Format Version 12.00
# Visual Studio Version 17
VisualStudioVersion = 17.7.34031.279
MinimumVisualStudioVersion = 10.0.40219.1
Project("{FAE04EC0-301F-11D3-BF4B-00C04F79EFBC}") = "Fayzullina_Elvina_Rafaelevna", "Fayzullina_Elvina_Rafaelevna\Fayzullina_Elvina_Rafaelevna.csproj", "{CCEF8782-6E51-4076-99C5-AD0AA989CC4E}"
EndProject
Global
	GlobalSection(SolutionConfigurationPlatforms) = preSolution
		Debug|Any CPU = Debug|Any CPU
		Release|Any CPU = Release|Any CPU
	EndGlobalSection
	GlobalSection(ProjectConfigurationPlatforms) = postSolution
		{CCEF8782-6E51-4076-99C5-AD0AA989CC4E}.Debug|Any CPU.ActiveCfg = Debug|Any CPU
		{CCEF8782-6E51-4076-99C5-AD0AA989CC4E}.Debug|Any CPU.Build.0 = Debug|Any CPU
		{CCEF8782-6E51-4076-99C5-AD0AA989CC4E}.Release|Any CPU.ActiveCfg = Release|Any CPU
		{CCEF8782-6E51-4076-99C5-AD0AA989CC4E}.Release|Any CPU.Build.0 = Release|Any CPU
	EndGlobalSection
	GlobalSection(SolutionProperties) = preSolution
		HideSolutionNode = FALSE
	EndGlobalSection
	GlobalSection(ExtensibilityGlobals) = postSolution
		SolutionGuid = {7FDDD050-0562-4DC1-AF7E-90964B9261BC}
	EndGlobalSection
EndGlobal
